
Microsoft Visual Studio Solution File, Format Version 12.00
# Visual Studio Version 17
VisualStudioVersion = 17.2.32516.85
MinimumVisualStudioVersion = 10.0.40219.1
Project("{FAE04EC0-301F-11D3-BF4B-00C04F79EFBC}") = "MatchGame", "MatchGame\MatchGame.csproj", "{58835D09-BA90-4498-8FBC-A718370C366A}"
EndProject
Global
	GlobalSection(SolutionConfigurationPlatforms) = preSolution
		Debug|Any CPU = Debug|Any CPU
		Release|Any CPU = Release|Any CPU
	EndGlobalSection
	GlobalSection(ProjectConfigurationPlatforms) = postSolution
		{58835D09-BA90-4498-8FBC-A718370C366A}.Debug|Any CPU.ActiveCfg = Debug|Any CPU
		{58835D09-BA90-4498-8FBC-A718370C366A}.Debug|Any CPU.Build.0 = Debug|Any CPU
		{58835D09-BA90-4498-8FBC-A718370C366A}.Release|Any CPU.ActiveCfg = Release|Any CPU
		{58835D09-BA90-4498-8FBC-A718370C366A}.Release|Any CPU.Build.0 = Release|Any CPU
	EndGlobalSection
	GlobalSection(SolutionProperties) = preSolution
		HideSolutionNode = FALSE
	EndGlobalSection
	GlobalSection(ExtensibilityGlobals) = postSolution
		SolutionGuid = {3F82A2C2-B90C-41E7-8847-C12CB6DCE1E5}
	EndGlobalSection
EndGlobal
